
Microsoft Visual Studio Solution File, Format Version 12.00
# Visual Studio Version 16
VisualStudioVersion = 16.0.30225.117
MinimumVisualStudioVersion = 10.0.40219.1
Project("{FAE04EC0-301F-11D3-BF4B-00C04F79EFBC}") = "ISTA220Exercise02", "ISTA220Exercise02.csproj", "{545F3668-4386-49A6-B276-1F1EE03F15B9}"
EndProject
Global
	GlobalSection(SolutionConfigurationPlatforms) = preSolution
		Debug|Any CPU = Debug|Any CPU
		Release|Any CPU = Release|Any CPU
	EndGlobalSection
	GlobalSection(ProjectConfigurationPlatforms) = postSolution
		{545F3668-4386-49A6-B276-1F1EE03F15B9}.Debug|Any CPU.ActiveCfg = Debug|Any CPU
		{545F3668-4386-49A6-B276-1F1EE03F15B9}.Debug|Any CPU.Build.0 = Debug|Any CPU
		{545F3668-4386-49A6-B276-1F1EE03F15B9}.Release|Any CPU.ActiveCfg = Release|Any CPU
		{545F3668-4386-49A6-B276-1F1EE03F15B9}.Release|Any CPU.Build.0 = Release|Any CPU
	EndGlobalSection
	GlobalSection(SolutionProperties) = preSolution
		HideSolutionNode = FALSE
	EndGlobalSection
	GlobalSection(ExtensibilityGlobals) = postSolution
		SolutionGuid = {E50DAFDA-93B6-4E48-941D-884947B4A74F}
	EndGlobalSection
EndGlobal
