
Microsoft Visual Studio Solution File, Format Version 12.00
# Visual Studio Version 16
VisualStudioVersion = 16.0.30225.117
MinimumVisualStudioVersion = 10.0.40219.1
Project("{FAE04EC0-301F-11D3-BF4B-00C04F79EFBC}") = "Quiz6_Cards", "Quiz6_Cards.csproj", "{73C8288B-0E42-4C0D-A84D-A5C4CCAD805E}"
EndProject
Global
	GlobalSection(SolutionConfigurationPlatforms) = preSolution
		Debug|Any CPU = Debug|Any CPU
		Release|Any CPU = Release|Any CPU
	EndGlobalSection
	GlobalSection(ProjectConfigurationPlatforms) = postSolution
		{73C8288B-0E42-4C0D-A84D-A5C4CCAD805E}.Debug|Any CPU.ActiveCfg = Debug|Any CPU
		{73C8288B-0E42-4C0D-A84D-A5C4CCAD805E}.Debug|Any CPU.Build.0 = Debug|Any CPU
		{73C8288B-0E42-4C0D-A84D-A5C4CCAD805E}.Release|Any CPU.ActiveCfg = Release|Any CPU
		{73C8288B-0E42-4C0D-A84D-A5C4CCAD805E}.Release|Any CPU.Build.0 = Release|Any CPU
	EndGlobalSection
	GlobalSection(SolutionProperties) = preSolution
		HideSolutionNode = FALSE
	EndGlobalSection
	GlobalSection(ExtensibilityGlobals) = postSolution
		SolutionGuid = {FC6F1C82-F06E-49A3-BD3F-7816C827CCDA}
	EndGlobalSection
EndGlobal
